
Microsoft Visual Studio Solution File, Format Version 12.00
# Visual Studio Version 17
VisualStudioVersion = 17.1.32319.34
MinimumVisualStudioVersion = 10.0.40219.1
Project("{FAE04EC0-301F-11D3-BF4B-00C04F79EFBC}") = "FormularioPDS", "FormularioPDS\FormularioPDS.csproj", "{73E8AF07-D004-4B6F-BDE5-B693D6EC8F23}"
EndProject
Global
	GlobalSection(SolutionConfigurationPlatforms) = preSolution
		Debug|Any CPU = Debug|Any CPU
		Release|Any CPU = Release|Any CPU
	EndGlobalSection
	GlobalSection(ProjectConfigurationPlatforms) = postSolution
		{73E8AF07-D004-4B6F-BDE5-B693D6EC8F23}.Debug|Any CPU.ActiveCfg = Debug|Any CPU
		{73E8AF07-D004-4B6F-BDE5-B693D6EC8F23}.Debug|Any CPU.Build.0 = Debug|Any CPU
		{73E8AF07-D004-4B6F-BDE5-B693D6EC8F23}.Release|Any CPU.ActiveCfg = Release|Any CPU
		{73E8AF07-D004-4B6F-BDE5-B693D6EC8F23}.Release|Any CPU.Build.0 = Release|Any CPU
	EndGlobalSection
	GlobalSection(SolutionProperties) = preSolution
		HideSolutionNode = FALSE
	EndGlobalSection
	GlobalSection(ExtensibilityGlobals) = postSolution
		SolutionGuid = {2825B306-E3EC-4341-81F7-DB0714B303A9}
	EndGlobalSection
EndGlobal
